
Microsoft Visual Studio Solution File, Format Version 12.00
# Visual Studio Version 17
VisualStudioVersion = 17.3.32825.248
MinimumVisualStudioVersion = 10.0.40219.1
Project("{FAE04EC0-301F-11D3-BF4B-00C04F79EFBC}") = "MvcViewsApp", "MvcViewsApp.csproj", "{78816267-8F2D-4051-B9CD-D82DCF27E716}"
EndProject
Global
	GlobalSection(SolutionConfigurationPlatforms) = preSolution
		Debug|Any CPU = Debug|Any CPU
		Release|Any CPU = Release|Any CPU
	EndGlobalSection
	GlobalSection(ProjectConfigurationPlatforms) = postSolution
		{78816267-8F2D-4051-B9CD-D82DCF27E716}.Debug|Any CPU.ActiveCfg = Debug|Any CPU
		{78816267-8F2D-4051-B9CD-D82DCF27E716}.Debug|Any CPU.Build.0 = Debug|Any CPU
		{78816267-8F2D-4051-B9CD-D82DCF27E716}.Release|Any CPU.ActiveCfg = Release|Any CPU
		{78816267-8F2D-4051-B9CD-D82DCF27E716}.Release|Any CPU.Build.0 = Release|Any CPU
	EndGlobalSection
	GlobalSection(SolutionProperties) = preSolution
		HideSolutionNode = FALSE
	EndGlobalSection
	GlobalSection(ExtensibilityGlobals) = postSolution
		SolutionGuid = {C81C9A81-B36F-4BAE-AA6F-06DB8D717A9D}
	EndGlobalSection
EndGlobal
